
Microsoft Visual Studio Solution File, Format Version 12.00
# Visual Studio Version 16
VisualStudioVersion = 16.0.30621.155
MinimumVisualStudioVersion = 15.0.26124.0
Project("{2150E333-8FDC-42A3-9474-1A3956D46DE8}") = "Solution Items", "Solution Items", "{2019B238-B992-4B49-857A-B05F68D5A324}"
	ProjectSection(SolutionItems) = preProject
		README.md = README.md
	EndProjectSection
EndProject
Project("{2150E333-8FDC-42A3-9474-1A3956D46DE8}") = "src", "src", "{54F38F4B-E819-4045-A584-82DCB7E0FE8B}"
EndProject
Project("{FAE04EC0-301F-11D3-BF4B-00C04F79EFBC}") = "BethanysPieShopStockApp.Android", "src\BethanysPieShopStockApp\BethanysPieShopStockApp.Android\BethanysPieShopStockApp.Android.csproj", "{82B523DC-2265-42DE-9AEA-13DE6590338F}"
EndProject
Project("{FAE04EC0-301F-11D3-BF4B-00C04F79EFBC}") = "BethanysPieShopStockApp", "src\BethanysPieShopStockApp\BethanysPieShopStockApp\BethanysPieShopStockApp.csproj", "{6D47DFC9-71A2-467E-9187-9FA6573F006F}"
EndProject
Global
	GlobalSection(SolutionConfigurationPlatforms) = preSolution
		Debug|Any CPU = Debug|Any CPU
		Debug|x64 = Debug|x64
		Debug|x86 = Debug|x86
		Release|Any CPU = Release|Any CPU
		Release|x64 = Release|x64
		Release|x86 = Release|x86
	EndGlobalSection
	GlobalSection(ProjectConfigurationPlatforms) = postSolution
		{82B523DC-2265-42DE-9AEA-13DE6590338F}.Debug|Any CPU.ActiveCfg = Debug|Any CPU
		{82B523DC-2265-42DE-9AEA-13DE6590338F}.Debug|Any CPU.Build.0 = Debug|Any CPU
		{82B523DC-2265-42DE-9AEA-13DE6590338F}.Debug|Any CPU.Deploy.0 = Debug|Any CPU
		{82B523DC-2265-42DE-9AEA-13DE6590338F}.Debug|x64.ActiveCfg = Debug|Any CPU
		{82B523DC-2265-42DE-9AEA-13DE6590338F}.Debug|x64.Build.0 = Debug|Any CPU
		{82B523DC-2265-42DE-9AEA-13DE6590338F}.Debug|x64.Deploy.0 = Debug|Any CPU
		{82B523DC-2265-42DE-9AEA-13DE6590338F}.Debug|x86.ActiveCfg = Debug|Any CPU
		{82B523DC-2265-42DE-9AEA-13DE6590338F}.Debug|x86.Build.0 = Debug|Any CPU
		{82B523DC-2265-42DE-9AEA-13DE6590338F}.Debug|x86.Deploy.0 = Debug|Any CPU
		{82B523DC-2265-42DE-9AEA-13DE6590338F}.Release|Any CPU.ActiveCfg = Release|Any CPU
		{82B523DC-2265-42DE-9AEA-13DE6590338F}.Release|Any CPU.Build.0 = Release|Any CPU
		{82B523DC-2265-42DE-9AEA-13DE6590338F}.Release|Any CPU.Deploy.0 = Release|Any CPU
		{82B523DC-2265-42DE-9AEA-13DE6590338F}.Release|x64.ActiveCfg = Release|Any CPU
		{82B523DC-2265-42DE-9AEA-13DE6590338F}.Release|x64.Build.0 = Release|Any CPU
		{82B523DC-2265-42DE-9AEA-13DE6590338F}.Release|x64.Deploy.0 = Release|Any CPU
		{82B523DC-2265-42DE-9AEA-13DE6590338F}.Release|x86.ActiveCfg = Release|Any CPU
		{82B523DC-2265-42DE-9AEA-13DE6590338F}.Release|x86.Build.0 = Release|Any CPU
		{82B523DC-2265-42DE-9AEA-13DE6590338F}.Release|x86.Deploy.0 = Release|Any CPU
		{6D47DFC9-71A2-467E-9187-9FA6573F006F}.Debug|Any CPU.ActiveCfg = Debug|Any CPU
		{6D47DFC9-71A2-467E-9187-9FA6573F006F}.Debug|Any CPU.Build.0 = Debug|Any CPU
		{6D47DFC9-71A2-467E-9187-9FA6573F006F}.Debug|x64.ActiveCfg = Debug|Any CPU
		{6D47DFC9-71A2-467E-9187-9FA6573F006F}.Debug|x64.Build.0 = Debug|Any CPU
		{6D47DFC9-71A2-467E-9187-9FA6573F006F}.Debug|x86.ActiveCfg = Debug|Any CPU
		{6D47DFC9-71A2-467E-9187-9FA6573F006F}.Debug|x86.Build.0 = Debug|Any CPU
		{6D47DFC9-71A2-467E-9187-9FA6573F006F}.Release|Any CPU.ActiveCfg = Release|Any CPU
		{6D47DFC9-71A2-467E-9187-9FA6573F006F}.Release|Any CPU.Build.0 = Release|Any CPU
		{6D47DFC9-71A2-467E-9187-9FA6573F006F}.Release|x64.ActiveCfg = Release|Any CPU
		{6D47DFC9-71A2-467E-9187-9FA6573F006F}.Release|x64.Build.0 = Release|Any CPU
		{6D47DFC9-71A2-467E-9187-9FA6573F006F}.Release|x86.ActiveCfg = Release|Any CPU
		{6D47DFC9-71A2-467E-9187-9FA6573F006F}.Release|x86.Build.0 = Release|Any CPU
	EndGlobalSection
	GlobalSection(SolutionProperties) = preSolution
		HideSolutionNode = FALSE
	EndGlobalSection
	GlobalSection(NestedProjects) = preSolution
		{82B523DC-2265-42DE-9AEA-13DE6590338F} = {54F38F4B-E819-4045-A584-82DCB7E0FE8B}
		{6D47DFC9-71A2-467E-9187-9FA6573F006F} = {54F38F4B-E819-4045-A584-82DCB7E0FE8B}
	EndGlobalSection
	GlobalSection(ExtensibilityGlobals) = postSolution
		SolutionGuid = {5D5C1F86-E801-4250-AE91-88C35F7F97BC}
	EndGlobalSection
EndGlobal
